
Microsoft Visual Studio Solution File, Format Version 12.00
# Visual Studio 15
VisualStudioVersion = 15.0.26730.15
MinimumVisualStudioVersion = 10.0.40219.1
Project("{2150E333-8FDC-42A3-9474-1A3956D46DE8}") = "Solution Items", "Solution Items", "{5CB9AF80-1809-4ABD-B17F-BD2B89F35678}"
	ProjectSection(SolutionItems) = preProject
		NuGet.config = NuGet.config
		README.md = README.md
	EndProjectSection
	ProjectSection(FolderGlobals) = preProject
		global_1json__JSONSchema = http://json.schemastore.org/global
	EndProjectSection
EndProject
Project("{2150E333-8FDC-42A3-9474-1A3956D46DE8}") = "src", "src", "{1C670774-FEF0-461E-BD26-94093BB9F62F}"
EndProject
Project("{2150E333-8FDC-42A3-9474-1A3956D46DE8}") = "test", "test", "{667DFA5F-8C4D-49A1-B9FD-806AC64791DD}"
EndProject
Project("{9A19103F-16F7-4668-BE54-9A1E7A4F7556}") = "Coypu", "src\Coypu\Coypu.csproj", "{22AA4E9D-BCDE-4C85-9CF9-BB12EAA0B3E1}"
EndProject
Project("{9A19103F-16F7-4668-BE54-9A1E7A4F7556}") = "Coypu.AcceptanceTests", "test\Coypu.AcceptanceTests\Coypu.AcceptanceTests.csproj", "{2E728244-54C5-4F95-A410-B812B8CD95DC}"
EndProject
Project("{9A19103F-16F7-4668-BE54-9A1E7A4F7556}") = "Coypu.Drivers.Tests", "test\Coypu.Drivers.Tests\Coypu.Drivers.Tests.csproj", "{A8F5205D-84D7-4328-891A-A8C12DE0E451}"
EndProject
Project("{9A19103F-16F7-4668-BE54-9A1E7A4F7556}") = "Coypu.Tests", "test\Coypu.Tests\Coypu.Tests.csproj", "{F7871551-AEB4-4DE2-8D71-FB52D6A9CD0A}"
EndProject
Global
	GlobalSection(SolutionConfigurationPlatforms) = preSolution
		Debug|Any CPU = Debug|Any CPU
		Release|Any CPU = Release|Any CPU
	EndGlobalSection
	GlobalSection(ProjectConfigurationPlatforms) = postSolution
		{22AA4E9D-BCDE-4C85-9CF9-BB12EAA0B3E1}.Debug|Any CPU.ActiveCfg = Debug|Any CPU
		{22AA4E9D-BCDE-4C85-9CF9-BB12EAA0B3E1}.Debug|Any CPU.Build.0 = Debug|Any CPU
		{22AA4E9D-BCDE-4C85-9CF9-BB12EAA0B3E1}.Release|Any CPU.ActiveCfg = Release|Any CPU
		{22AA4E9D-BCDE-4C85-9CF9-BB12EAA0B3E1}.Release|Any CPU.Build.0 = Release|Any CPU
		{2E728244-54C5-4F95-A410-B812B8CD95DC}.Debug|Any CPU.ActiveCfg = Debug|Any CPU
		{2E728244-54C5-4F95-A410-B812B8CD95DC}.Debug|Any CPU.Build.0 = Debug|Any CPU
		{2E728244-54C5-4F95-A410-B812B8CD95DC}.Release|Any CPU.ActiveCfg = Release|Any CPU
		{2E728244-54C5-4F95-A410-B812B8CD95DC}.Release|Any CPU.Build.0 = Release|Any CPU
		{A8F5205D-84D7-4328-891A-A8C12DE0E451}.Debug|Any CPU.ActiveCfg = Debug|Any CPU
		{A8F5205D-84D7-4328-891A-A8C12DE0E451}.Debug|Any CPU.Build.0 = Debug|Any CPU
		{A8F5205D-84D7-4328-891A-A8C12DE0E451}.Release|Any CPU.ActiveCfg = Release|Any CPU
		{A8F5205D-84D7-4328-891A-A8C12DE0E451}.Release|Any CPU.Build.0 = Release|Any CPU
		{F7871551-AEB4-4DE2-8D71-FB52D6A9CD0A}.Debug|Any CPU.ActiveCfg = Debug|Any CPU
		{F7871551-AEB4-4DE2-8D71-FB52D6A9CD0A}.Debug|Any CPU.Build.0 = Debug|Any CPU
		{F7871551-AEB4-4DE2-8D71-FB52D6A9CD0A}.Release|Any CPU.ActiveCfg = Release|Any CPU
		{F7871551-AEB4-4DE2-8D71-FB52D6A9CD0A}.Release|Any CPU.Build.0 = Release|Any CPU
	EndGlobalSection
	GlobalSection(SolutionProperties) = preSolution
		HideSolutionNode = FALSE
	EndGlobalSection
	GlobalSection(NestedProjects) = preSolution
		{22AA4E9D-BCDE-4C85-9CF9-BB12EAA0B3E1} = {1C670774-FEF0-461E-BD26-94093BB9F62F}
		{2E728244-54C5-4F95-A410-B812B8CD95DC} = {667DFA5F-8C4D-49A1-B9FD-806AC64791DD}
		{A8F5205D-84D7-4328-891A-A8C12DE0E451} = {667DFA5F-8C4D-49A1-B9FD-806AC64791DD}
		{F7871551-AEB4-4DE2-8D71-FB52D6A9CD0A} = {667DFA5F-8C4D-49A1-B9FD-806AC64791DD}
	EndGlobalSection
	GlobalSection(ExtensibilityGlobals) = postSolution
		SolutionGuid = {E483E16E-3A7C-460B-AB13-6B886A2E573A}
	EndGlobalSection
EndGlobal
