
Microsoft Visual Studio Solution File, Format Version 10.00
# Visual Studio 2008
Project("{FAE04EC0-301F-11D3-BF4B-00C04F79EFBC}") = "Coypu", "Coypu\Coypu.csproj", "{0495F7A7-A1A9-422C-BE9D-6D9F9BD4E97C}"
EndProject
Project("{FAE04EC0-301F-11D3-BF4B-00C04F79EFBC}") = "Coypu.AcceptanceTests", "Coypu.AcceptanceTests\Coypu.AcceptanceTests.csproj", "{6E5D29AC-14C4-4BBE-826D-F8EEA1B40900}"
EndProject
Project("{FAE04EC0-301F-11D3-BF4B-00C04F79EFBC}") = "Coypu.Tests", "Coypu.Tests\Coypu.Tests.csproj", "{3ACF8A72-2EAB-42E7-B60E-BB781D3B0DB2}"
EndProject
Global
	GlobalSection(SolutionConfigurationPlatforms) = preSolution
		Debug|Any CPU = Debug|Any CPU
		Release|Any CPU = Release|Any CPU
	EndGlobalSection
	GlobalSection(ProjectConfigurationPlatforms) = postSolution
		{0495F7A7-A1A9-422C-BE9D-6D9F9BD4E97C}.Debug|Any CPU.ActiveCfg = Debug|Any CPU
		{0495F7A7-A1A9-422C-BE9D-6D9F9BD4E97C}.Debug|Any CPU.Build.0 = Debug|Any CPU
		{0495F7A7-A1A9-422C-BE9D-6D9F9BD4E97C}.Release|Any CPU.ActiveCfg = Release|Any CPU
		{0495F7A7-A1A9-422C-BE9D-6D9F9BD4E97C}.Release|Any CPU.Build.0 = Release|Any CPU
		{6E5D29AC-14C4-4BBE-826D-F8EEA1B40900}.Debug|Any CPU.ActiveCfg = Debug|Any CPU
		{6E5D29AC-14C4-4BBE-826D-F8EEA1B40900}.Debug|Any CPU.Build.0 = Debug|Any CPU
		{6E5D29AC-14C4-4BBE-826D-F8EEA1B40900}.Release|Any CPU.ActiveCfg = Release|Any CPU
		{6E5D29AC-14C4-4BBE-826D-F8EEA1B40900}.Release|Any CPU.Build.0 = Release|Any CPU
		{3ACF8A72-2EAB-42E7-B60E-BB781D3B0DB2}.Debug|Any CPU.ActiveCfg = Debug|Any CPU
		{3ACF8A72-2EAB-42E7-B60E-BB781D3B0DB2}.Debug|Any CPU.Build.0 = Debug|Any CPU
		{3ACF8A72-2EAB-42E7-B60E-BB781D3B0DB2}.Release|Any CPU.ActiveCfg = Release|Any CPU
		{3ACF8A72-2EAB-42E7-B60E-BB781D3B0DB2}.Release|Any CPU.Build.0 = Release|Any CPU
	EndGlobalSection
	GlobalSection(SolutionProperties) = preSolution
		HideSolutionNode = FALSE
	EndGlobalSection
EndGlobal
